
Microsoft Visual Studio Solution File, Format Version 12.00
# Visual Studio Version 17
VisualStudioVersion = 17.8.34322.80
MinimumVisualStudioVersion = 10.0.40219.1
Project("{FAE04EC0-301F-11D3-BF4B-00C04F79EFBC}") = "List3", "List3\List3.csproj", "{937D7CBF-4EB9-4B88-AA8D-1DA464A52EA5}"
EndProject
Global
	GlobalSection(SolutionConfigurationPlatforms) = preSolution
		Debug|Any CPU = Debug|Any CPU
		Release|Any CPU = Release|Any CPU
	EndGlobalSection
	GlobalSection(ProjectConfigurationPlatforms) = postSolution
		{937D7CBF-4EB9-4B88-AA8D-1DA464A52EA5}.Debug|Any CPU.ActiveCfg = Debug|Any CPU
		{937D7CBF-4EB9-4B88-AA8D-1DA464A52EA5}.Debug|Any CPU.Build.0 = Debug|Any CPU
		{937D7CBF-4EB9-4B88-AA8D-1DA464A52EA5}.Release|Any CPU.ActiveCfg = Release|Any CPU
		{937D7CBF-4EB9-4B88-AA8D-1DA464A52EA5}.Release|Any CPU.Build.0 = Release|Any CPU
	EndGlobalSection
	GlobalSection(SolutionProperties) = preSolution
		HideSolutionNode = FALSE
	EndGlobalSection
	GlobalSection(ExtensibilityGlobals) = postSolution
		SolutionGuid = {F9BBE820-09E7-46C9-896E-9A7C2CF78157}
	EndGlobalSection
EndGlobal
